<Solution>
  <Project Path="src/Hunspell.Net/Hunspell.Net.csproj" />
  <Project Path="src/Hunspell.Net.Tests/Hunspell.Net.Tests.csproj" />
  <Folder Name="/Native/">
    <Project Path="src/SpellGE.Hunspell.Windows/SpellGE.Hunspell.Windows.csproj" />
    <Project Path="src/SpellGE.Hunspell.Linux/SpellGE.Hunspell.Linux.csproj" />
  </Folder>
</Solution>
